
Microsoft Visual Studio Solution File, Format Version 11.00
# Visual Studio 2010
Project("{FAE04EC0-301F-11D3-BF4B-00C04F79EFBC}") = "Assembly-CSharp", "Assembly-CSharp.csproj", "{2B9A1A19-E8DD-B89B-F5F2-7D1F54BE43BF}"
EndProject
Project("{FAE04EC0-301F-11D3-BF4B-00C04F79EFBC}") = "Assembly-CSharp-Editor", "Assembly-CSharp-Editor.csproj", "{F92B07CF-F3D9-821C-DA56-4789418748F6}"
EndProject
Global
	GlobalSection(SolutionConfigurationPlatforms) = preSolution
		Debug|Any CPU = Debug|Any CPU
		Release|Any CPU = Release|Any CPU
	EndGlobalSection
	GlobalSection(ProjectConfigurationPlatforms) = postSolution
		{2B9A1A19-E8DD-B89B-F5F2-7D1F54BE43BF}.Debug|Any CPU.ActiveCfg = Debug|Any CPU
		{2B9A1A19-E8DD-B89B-F5F2-7D1F54BE43BF}.Debug|Any CPU.Build.0 = Debug|Any CPU
		{2B9A1A19-E8DD-B89B-F5F2-7D1F54BE43BF}.Release|Any CPU.ActiveCfg = Release|Any CPU
		{2B9A1A19-E8DD-B89B-F5F2-7D1F54BE43BF}.Release|Any CPU.Build.0 = Release|Any CPU
		{F92B07CF-F3D9-821C-DA56-4789418748F6}.Debug|Any CPU.ActiveCfg = Debug|Any CPU
		{F92B07CF-F3D9-821C-DA56-4789418748F6}.Debug|Any CPU.Build.0 = Debug|Any CPU
		{F92B07CF-F3D9-821C-DA56-4789418748F6}.Release|Any CPU.ActiveCfg = Release|Any CPU
		{F92B07CF-F3D9-821C-DA56-4789418748F6}.Release|Any CPU.Build.0 = Release|Any CPU
	EndGlobalSection
	GlobalSection(SolutionProperties) = preSolution
		HideSolutionNode = FALSE
	EndGlobalSection
	GlobalSection(MonoDevelopProperties) = preSolution
		StartupItem = Assembly-CSharp.csproj
	EndGlobalSection
EndGlobal
